Microsoft Visual Studio Solution File, Format Version 11.00
# Visual Studio 2008

Project("{F71BBC8A-9FDE-C36F-F400-A9C37F45DB9A}") = "BalllGame", "Assembly-CSharp.csproj", "{410EF9D6-333D-4198-632A-88BF3D25C493}"
EndProject
Global
	GlobalSection(SolutionConfigurationPlatforms) = preSolution
		Debug|Any CPU = Debug|Any CPU
		Release|Any CPU = Release|Any CPU
	EndGlobalSection
	GlobalSection(ProjectConfigurationPlatforms) = postSolution
		{410EF9D6-333D-4198-632A-88BF3D25C493}.Debug|Any CPU.ActiveCfg = Debug|Any CPU
		{410EF9D6-333D-4198-632A-88BF3D25C493}.Debug|Any CPU.Build.0 = Debug|Any CPU
		{410EF9D6-333D-4198-632A-88BF3D25C493}.Release|Any CPU.ActiveCfg = Release|Any CPU
		{410EF9D6-333D-4198-632A-88BF3D25C493}.Release|Any CPU.Build.0 = Release|Any CPU
	EndGlobalSection
	GlobalSection(SolutionProperties) = preSolution
		HideSolutionNode = FALSE
	EndGlobalSection
																					GlobalSection(MonoDevelopProperties) = preSolution
		StartupItem = Assembly-CSharp.csproj
		Policies = $0
		$0.TextStylePolicy = $1
		$1.inheritsSet = null
		$1.scope = text/x-csharp
		$0.CSharpFormattingPolicy = $2
		$2.inheritsSet = Mono
		$2.inheritsScope = text/x-csharp
		$2.scope = text/x-csharp
		$0.TextStylePolicy = $3
		$3.FileWidth = 120
		$3.TabWidth = 4
		$3.EolMarker = Unix
		$3.inheritsSet = Mono
		$3.inheritsScope = text/plain
		$3.scope = text/plain
	EndGlobalSection

EndGlobal
